
Microsoft Visual Studio Solution File, Format Version 12.00
# Visual Studio Version 17
VisualStudioVersion = 17.4.33110.190
MinimumVisualStudioVersion = 10.0.40219.1
Project("{9A19103F-16F7-4668-BE54-9A1E7A4F7556}") = "CryptoTradeMonitor", "src\CryptoTradeMonitor\CryptoTradeMonitor.csproj", "{806CA9E7-99C5-4AE0-8FAD-7EEB313D6F69}"
EndProject
Project("{FAE04EC0-301F-11D3-BF4B-00C04F79EFBC}") = "Domain", "src\Domain\Domain.csproj", "{560BF8DB-2734-4CB0-A82E-D7976B52B38C}"
EndProject
Project("{FAE04EC0-301F-11D3-BF4B-00C04F79EFBC}") = "Infrastructure", "src\Infrastructure\Infrastructure.csproj", "{5C77CA9C-F695-407E-82D9-461BF0140D65}"
EndProject
Project("{FAE04EC0-301F-11D3-BF4B-00C04F79EFBC}") = "Application", "Application\Application.csproj", "{A6644985-E6C5-4421-8CDA-764C0E7FFA91}"
EndProject
Global
	GlobalSection(SolutionConfigurationPlatforms) = preSolution
		Debug|Any CPU = Debug|Any CPU
		Release|Any CPU = Release|Any CPU
	EndGlobalSection
	GlobalSection(ProjectConfigurationPlatforms) = postSolution
		{806CA9E7-99C5-4AE0-8FAD-7EEB313D6F69}.Debug|Any CPU.ActiveCfg = Debug|Any CPU
		{806CA9E7-99C5-4AE0-8FAD-7EEB313D6F69}.Debug|Any CPU.Build.0 = Debug|Any CPU
		{806CA9E7-99C5-4AE0-8FAD-7EEB313D6F69}.Release|Any CPU.ActiveCfg = Release|Any CPU
		{806CA9E7-99C5-4AE0-8FAD-7EEB313D6F69}.Release|Any CPU.Build.0 = Release|Any CPU
		{560BF8DB-2734-4CB0-A82E-D7976B52B38C}.Debug|Any CPU.ActiveCfg = Debug|Any CPU
		{560BF8DB-2734-4CB0-A82E-D7976B52B38C}.Debug|Any CPU.Build.0 = Debug|Any CPU
		{560BF8DB-2734-4CB0-A82E-D7976B52B38C}.Release|Any CPU.ActiveCfg = Release|Any CPU
		{560BF8DB-2734-4CB0-A82E-D7976B52B38C}.Release|Any CPU.Build.0 = Release|Any CPU
		{5C77CA9C-F695-407E-82D9-461BF0140D65}.Debug|Any CPU.ActiveCfg = Debug|Any CPU
		{5C77CA9C-F695-407E-82D9-461BF0140D65}.Debug|Any CPU.Build.0 = Debug|Any CPU
		{5C77CA9C-F695-407E-82D9-461BF0140D65}.Release|Any CPU.ActiveCfg = Release|Any CPU
		{5C77CA9C-F695-407E-82D9-461BF0140D65}.Release|Any CPU.Build.0 = Release|Any CPU
		{A6644985-E6C5-4421-8CDA-764C0E7FFA91}.Debug|Any CPU.ActiveCfg = Debug|Any CPU
		{A6644985-E6C5-4421-8CDA-764C0E7FFA91}.Debug|Any CPU.Build.0 = Debug|Any CPU
		{A6644985-E6C5-4421-8CDA-764C0E7FFA91}.Release|Any CPU.ActiveCfg = Release|Any CPU
		{A6644985-E6C5-4421-8CDA-764C0E7FFA91}.Release|Any CPU.Build.0 = Release|Any CPU
	EndGlobalSection
	GlobalSection(SolutionProperties) = preSolution
		HideSolutionNode = FALSE
	EndGlobalSection
	GlobalSection(ExtensibilityGlobals) = postSolution
		SolutionGuid = {0C5BFE07-A0EE-49F9-9946-27DF828CCD8D}
	EndGlobalSection
EndGlobal
